
Microsoft Visual Studio Solution File, Format Version 12.00
# Visual Studio Version 16
VisualStudioVersion = 16.0.31911.196
MinimumVisualStudioVersion = 10.0.40219.1
Project("{FAE04EC0-301F-11D3-BF4B-00C04F79EFBC}") = "BackEnd", "BackEnd\BackEnd.csproj", "{6CFFF739-F863-4852-92FC-8E7D179863A8}"
EndProject
Global
	GlobalSection(SolutionConfigurationPlatforms) = preSolution
		Debug|Any CPU = Debug|Any CPU
		Release|Any CPU = Release|Any CPU
	EndGlobalSection
	GlobalSection(ProjectConfigurationPlatforms) = postSolution
		{6CFFF739-F863-4852-92FC-8E7D179863A8}.Debug|Any CPU.ActiveCfg = Debug|Any CPU
		{6CFFF739-F863-4852-92FC-8E7D179863A8}.Debug|Any CPU.Build.0 = Debug|Any CPU
		{6CFFF739-F863-4852-92FC-8E7D179863A8}.Release|Any CPU.ActiveCfg = Release|Any CPU
		{6CFFF739-F863-4852-92FC-8E7D179863A8}.Release|Any CPU.Build.0 = Release|Any CPU
	EndGlobalSection
	GlobalSection(SolutionProperties) = preSolution
		HideSolutionNode = FALSE
	EndGlobalSection
	GlobalSection(ExtensibilityGlobals) = postSolution
		SolutionGuid = {5FB3224C-5035-4F80-BFC5-5346D148011F}
	EndGlobalSection
EndGlobal
